
Microsoft Visual Studio Solution File, Format Version 12.00
# Visual Studio Version 17
VisualStudioVersion = 17.7.34202.233
MinimumVisualStudioVersion = 10.0.40219.1
Project("{FAE04EC0-301F-11D3-BF4B-00C04F79EFBC}") = "MultiThreading_Practice", "MultiThreading_Practice\MultiThreading_Practice.csproj", "{647AE71F-8A1F-4BF4-B77F-350865973A43}"
EndProject
Global
	GlobalSection(SolutionConfigurationPlatforms) = preSolution
		Debug|Any CPU = Debug|Any CPU
		Release|Any CPU = Release|Any CPU
	EndGlobalSection
	GlobalSection(ProjectConfigurationPlatforms) = postSolution
		{647AE71F-8A1F-4BF4-B77F-350865973A43}.Debug|Any CPU.ActiveCfg = Debug|Any CPU
		{647AE71F-8A1F-4BF4-B77F-350865973A43}.Debug|Any CPU.Build.0 = Debug|Any CPU
		{647AE71F-8A1F-4BF4-B77F-350865973A43}.Release|Any CPU.ActiveCfg = Release|Any CPU
		{647AE71F-8A1F-4BF4-B77F-350865973A43}.Release|Any CPU.Build.0 = Release|Any CPU
	EndGlobalSection
	GlobalSection(SolutionProperties) = preSolution
		HideSolutionNode = FALSE
	EndGlobalSection
	GlobalSection(ExtensibilityGlobals) = postSolution
		SolutionGuid = {48119A80-9BB7-4AC6-9DBC-97E7989A689A}
	EndGlobalSection
EndGlobal
